
Microsoft Visual Studio Solution File, Format Version 12.00
# Visual Studio Version 17
VisualStudioVersion = 17.8.34408.163
MinimumVisualStudioVersion = 10.0.40219.1
Project("{888888A0-9F3D-457C-B088-3A5042F75D52}") = "Funktsioonide print(),input(), float(), int() kasutamine", "Funktsioonide print(),input(), float(), int() kasutamine\Funktsioonide print(),input(), float(), int() kasutamine.pyproj", "{DB8972E8-24CD-44C9-881D-E7F2F0109C0C}"
EndProject
Project("{888888A0-9F3D-457C-B088-3A5042F75D52}") = "Iseseisev töö Vigade otsing 1", "Iseseisev töö Vigade otsing 1\Iseseisev töö Vigade otsing 1.pyproj", "{969BF73B-73BE-458A-AC65-AD9EA183219C}"
EndProject
Project("{888888A0-9F3D-457C-B088-3A5042F75D52}") = "Iseseisev töö Vigade otsing 1 (1)", "Iseseisev töö Vigade otsing 1 (1)\Iseseisev töö Vigade otsing 1 (1).pyproj", "{0CBED605-083A-44F7-8145-752A76F28EB7}"
EndProject
Global
	GlobalSection(SolutionConfigurationPlatforms) = preSolution
		Debug|Any CPU = Debug|Any CPU
		Release|Any CPU = Release|Any CPU
	EndGlobalSection
	GlobalSection(ProjectConfigurationPlatforms) = postSolution
		{DB8972E8-24CD-44C9-881D-E7F2F0109C0C}.Debug|Any CPU.ActiveCfg = Debug|Any CPU
		{DB8972E8-24CD-44C9-881D-E7F2F0109C0C}.Release|Any CPU.ActiveCfg = Release|Any CPU
		{969BF73B-73BE-458A-AC65-AD9EA183219C}.Debug|Any CPU.ActiveCfg = Debug|Any CPU
		{969BF73B-73BE-458A-AC65-AD9EA183219C}.Release|Any CPU.ActiveCfg = Release|Any CPU
		{0CBED605-083A-44F7-8145-752A76F28EB7}.Debug|Any CPU.ActiveCfg = Debug|Any CPU
		{0CBED605-083A-44F7-8145-752A76F28EB7}.Release|Any CPU.ActiveCfg = Release|Any CPU
	EndGlobalSection
	GlobalSection(SolutionProperties) = preSolution
		HideSolutionNode = FALSE
	EndGlobalSection
	GlobalSection(ExtensibilityGlobals) = postSolution
		SolutionGuid = {8ACBA340-BA14-43F2-AA00-541D8F14E345}
	EndGlobalSection
EndGlobal
