
Microsoft Visual Studio Solution File, Format Version 12.00
# Visual Studio Version 17
VisualStudioVersion = 17.8.34408.163
MinimumVisualStudioVersion = 10.0.40219.1
Project("{888888A0-9F3D-457C-B088-3A5042F75D52}") = "Funktsioonide print(),input(), float(), int() kasutamine", "Funktsioonide print(),input(), float(), int() kasutamine\Funktsioonide print(),input(), float(), int() kasutamine.pyproj", "{DB8972E8-24CD-44C9-881D-E7F2F0109C0C}"
EndProject
Project("{888888A0-9F3D-457C-B088-3A5042F75D52}") = "Iseseisev töö Vigade otsing 1", "Iseseisev töö Vigade otsing 1\Iseseisev töö Vigade otsing 1.pyproj", "{969BF73B-73BE-458A-AC65-AD9EA183219C}"
EndProject
Project("{888888A0-9F3D-457C-B088-3A5042F75D52}") = "Tingimuslik operaator IF", "Tingimuslik operaator IF\Tingimuslik operaator IF.pyproj", "{FA329522-5D7E-4FD9-9E21-26650FB72B43}"
EndProject
Project("{888888A0-9F3D-457C-B088-3A5042F75D52}") = "Praktiline_töö_Kehamassiindeks.py", "Praktiline_töö_Kehamassiindeks.py\Praktiline_töö_Kehamassiindeks.py.pyproj", "{25E21CCB-6D1C-444B-B48E-7D51D9EF39EF}"
EndProject
Project("{888888A0-9F3D-457C-B088-3A5042F75D52}") = "10 praktilist ülesannet teemal Tsüklid", "10 praktilist ülesannet teemal Tsüklid\10 praktilist ülesannet teemal Tsüklid.pyproj", "{7EF66E05-915F-4E95-8EA8-973AF8E6C3B0}"
EndProject
Project("{888888A0-9F3D-457C-B088-3A5042F75D52}") = "Kontrolltoo Kordused", "Kontrolltoo Kordused\Kontrolltoo Kordused.pyproj", "{B0384589-7768-4E89-BDAA-8A4137B8CF81}"
EndProject
Project("{888888A0-9F3D-457C-B088-3A5042F75D52}") = "Listid", "Listid\Listid.pyproj", "{D3ED2DDA-E3C8-458D-9825-82B3EEDB3651}"
EndProject
Project("{888888A0-9F3D-457C-B088-3A5042F75D52}") = "sport", "sport\sport.pyproj", "{108CDF00-05CD-4CC9-ADD5-7CC4D9C0275A}"
EndProject
Project("{888888A0-9F3D-457C-B088-3A5042F75D52}") = "UserFunkts", "UserFunkts\UserFunkts.pyproj", "{2A9AE318-ED45-4AD5-823D-93FFF491C484}"
EndProject
Project("{888888A0-9F3D-457C-B088-3A5042F75D52}") = "Palgad", "Palgad\Palgad.pyproj", "{2C8DEF4B-0E85-4652-8EA8-EAAD10E04F7F}"
EndProject
Global
	GlobalSection(SolutionConfigurationPlatforms) = preSolution
		Debug|Any CPU = Debug|Any CPU
		Release|Any CPU = Release|Any CPU
	EndGlobalSection
	GlobalSection(ProjectConfigurationPlatforms) = postSolution
		{DB8972E8-24CD-44C9-881D-E7F2F0109C0C}.Debug|Any CPU.ActiveCfg = Debug|Any CPU
		{DB8972E8-24CD-44C9-881D-E7F2F0109C0C}.Release|Any CPU.ActiveCfg = Release|Any CPU
		{969BF73B-73BE-458A-AC65-AD9EA183219C}.Debug|Any CPU.ActiveCfg = Debug|Any CPU
		{969BF73B-73BE-458A-AC65-AD9EA183219C}.Release|Any CPU.ActiveCfg = Release|Any CPU
		{FA329522-5D7E-4FD9-9E21-26650FB72B43}.Debug|Any CPU.ActiveCfg = Debug|Any CPU
		{FA329522-5D7E-4FD9-9E21-26650FB72B43}.Release|Any CPU.ActiveCfg = Release|Any CPU
		{25E21CCB-6D1C-444B-B48E-7D51D9EF39EF}.Debug|Any CPU.ActiveCfg = Debug|Any CPU
		{25E21CCB-6D1C-444B-B48E-7D51D9EF39EF}.Release|Any CPU.ActiveCfg = Release|Any CPU
		{7EF66E05-915F-4E95-8EA8-973AF8E6C3B0}.Debug|Any CPU.ActiveCfg = Debug|Any CPU
		{7EF66E05-915F-4E95-8EA8-973AF8E6C3B0}.Release|Any CPU.ActiveCfg = Release|Any CPU
		{B0384589-7768-4E89-BDAA-8A4137B8CF81}.Debug|Any CPU.ActiveCfg = Debug|Any CPU
		{B0384589-7768-4E89-BDAA-8A4137B8CF81}.Release|Any CPU.ActiveCfg = Release|Any CPU
		{D3ED2DDA-E3C8-458D-9825-82B3EEDB3651}.Debug|Any CPU.ActiveCfg = Debug|Any CPU
		{D3ED2DDA-E3C8-458D-9825-82B3EEDB3651}.Release|Any CPU.ActiveCfg = Release|Any CPU
		{108CDF00-05CD-4CC9-ADD5-7CC4D9C0275A}.Debug|Any CPU.ActiveCfg = Debug|Any CPU
		{108CDF00-05CD-4CC9-ADD5-7CC4D9C0275A}.Release|Any CPU.ActiveCfg = Release|Any CPU
		{2A9AE318-ED45-4AD5-823D-93FFF491C484}.Debug|Any CPU.ActiveCfg = Debug|Any CPU
		{2A9AE318-ED45-4AD5-823D-93FFF491C484}.Release|Any CPU.ActiveCfg = Release|Any CPU
		{2C8DEF4B-0E85-4652-8EA8-EAAD10E04F7F}.Debug|Any CPU.ActiveCfg = Debug|Any CPU
		{2C8DEF4B-0E85-4652-8EA8-EAAD10E04F7F}.Release|Any CPU.ActiveCfg = Release|Any CPU
	EndGlobalSection
	GlobalSection(SolutionProperties) = preSolution
		HideSolutionNode = FALSE
	EndGlobalSection
	GlobalSection(ExtensibilityGlobals) = postSolution
		SolutionGuid = {8ACBA340-BA14-43F2-AA00-541D8F14E345}
	EndGlobalSection
EndGlobal
