
Microsoft Visual Studio Solution File, Format Version 12.00
# Visual Studio Version 17
VisualStudioVersion = 17.8.34525.116
MinimumVisualStudioVersion = 10.0.40219.1
Project("{888888A0-9F3D-457C-B088-3A5042F75D52}") = "UserFunkts", "UserFunkts.pyproj", "{352F95DA-5F93-452A-A726-1AD8020D0B32}"
EndProject
Global
	GlobalSection(SolutionConfigurationPlatforms) = preSolution
		Debug|Any CPU = Debug|Any CPU
		Release|Any CPU = Release|Any CPU
	EndGlobalSection
	GlobalSection(ProjectConfigurationPlatforms) = postSolution
		{352F95DA-5F93-452A-A726-1AD8020D0B32}.Debug|Any CPU.ActiveCfg = Debug|Any CPU
		{352F95DA-5F93-452A-A726-1AD8020D0B32}.Release|Any CPU.ActiveCfg = Release|Any CPU
	EndGlobalSection
	GlobalSection(SolutionProperties) = preSolution
		HideSolutionNode = FALSE
	EndGlobalSection
	GlobalSection(ExtensibilityGlobals) = postSolution
		SolutionGuid = {6EF6FB65-6DAD-4330-BD53-ABFDA25F1F9C}
	EndGlobalSection
EndGlobal
